// !$*UTF8*$!
{
	archiveVersion = 1;
	classes = {
	};
	objectVersion = 46;
	objects = {

/* Begin PBXBuildFile section */
		3AD564251D2FB6C000350C35 /* Parser.m in Sources */ = {isa = PBXBuildFile; fileRef = 3AD564241D2FB6C000350C35 /* Parser.m */; };
		3AD564461D31155500350C35 /* SwiftySheetsDemoTests.swift in Sources */ = {isa = PBXBuildFile; fileRef = 3AD564451D31155500350C35 /* SwiftySheetsDemoTests.swift */; };
		3AD5644D1D31155E00350C35 /* ParserTests.swift in Sources */ = {isa = PBXBuildFile; fileRef = 3AD5643D1D31153600350C35 /* ParserTests.swift */; };
		3AD5646E1D33658F00350C35 /* test.style in Resources */ = {isa = PBXBuildFile; fileRef = 3AD564691D3363BE00350C35 /* test.style */; };
		3AD5646F1D33659200350C35 /* test_included.style in Resources */ = {isa = PBXBuildFile; fileRef = 3AD5646C1D3363D600350C35 /* test_included.style */; };
		3AD564731D337A4900350C35 /* test.style in Resources */ = {isa = PBXBuildFile; fileRef = 3AD564691D3363BE00350C35 /* test.style */; };
		3AD564741D337A4C00350C35 /* test_included.style in Resources */ = {isa = PBXBuildFile; fileRef = 3AD5646C1D3363D600350C35 /* test_included.style */; };
		88AB9C171D495E8C007C6152 /* SwiftyParser.swift in Sources */ = {isa = PBXBuildFile; fileRef = 88AB9C141D495E8C007C6152 /* SwiftyParser.swift */; };
		88AB9C181D495E8C007C6152 /* SwiftySheets.lm in Sources */ = {isa = PBXBuildFile; fileRef = 88AB9C151D495E8C007C6152 /* SwiftySheets.lm */; };
		88AB9C191D495E8C007C6152 /* SwiftySheets.ym in Sources */ = {isa = PBXBuildFile; fileRef = 88AB9C161D495E8C007C6152 /* SwiftySheets.ym */; };
		88AB9C231D495EAA007C6152 /* ASTColorExpression.swift in Sources */ = {isa = PBXBuildFile; fileRef = 88AB9C1A1D495EAA007C6152 /* ASTColorExpression.swift */; };
		88AB9C241D495EAA007C6152 /* ASTContext.swift in Sources */ = {isa = PBXBuildFile; fileRef = 88AB9C1B1D495EAA007C6152 /* ASTContext.swift */; };
		88AB9C251D495EAA007C6152 /* ASTExpression.swift in Sources */ = {isa = PBXBuildFile; fileRef = 88AB9C1C1D495EAA007C6152 /* ASTExpression.swift */; };
		88AB9C261D495EAA007C6152 /* ASTNumericLiteral.swift in Sources */ = {isa = PBXBuildFile; fileRef = 88AB9C1D1D495EAA007C6152 /* ASTNumericLiteral.swift */; };
		88AB9C271D495EAA007C6152 /* ASTOperations.swift in Sources */ = {isa = PBXBuildFile; fileRef = 88AB9C1E1D495EAA007C6152 /* ASTOperations.swift */; };
		88AB9C281D495EAA007C6152 /* ASTPropertyDefinition.swift in Sources */ = {isa = PBXBuildFile; fileRef = 88AB9C1F1D495EAA007C6152 /* ASTPropertyDefinition.swift */; };
		88AB9C291D495EAA007C6152 /* ASTStringLiteral.swift in Sources */ = {isa = PBXBuildFile; fileRef = 88AB9C201D495EAA007C6152 /* ASTStringLiteral.swift */; };
		88AB9C2A1D495EAA007C6152 /* ASTStyleDefinition.swift in Sources */ = {isa = PBXBuildFile; fileRef = 88AB9C211D495EAA007C6152 /* ASTStyleDefinition.swift */; };
		88AB9C2B1D495EAA007C6152 /* ASTVariable.swift in Sources */ = {isa = PBXBuildFile; fileRef = 88AB9C221D495EAA007C6152 /* ASTVariable.swift */; };
		8A4DCA521D46C19C00FF723F /* StyleProcessor.swift in Sources */ = {isa = PBXBuildFile; fileRef = 8A4DCA511D46C19C00FF723F /* StyleProcessor.swift */; };
		8A4DCA541D46C56A00FF723F /* StyleProperties.swift in Sources */ = {isa = PBXBuildFile; fileRef = 8A4DCA531D46C56A00FF723F /* StyleProperties.swift */; };
		8AC46B471D2921F1009AC048 /* AppDelegate.swift in Sources */ = {isa = PBXBuildFile; fileRef = 8AC46B461D2921F1009AC048 /* AppDelegate.swift */; };
		8AC46B491D2921F1009AC048 /* MasterViewController.swift in Sources */ = {isa = PBXBuildFile; fileRef = 8AC46B481D2921F1009AC048 /* MasterViewController.swift */; };
		8AC46B4B1D2921F1009AC048 /* DetailViewController.swift in Sources */ = {isa = PBXBuildFile; fileRef = 8AC46B4A1D2921F1009AC048 /* DetailViewController.swift */; };
		8AC46B4E1D2921F1009AC048 /* Main.storyboard in Resources */ = {isa = PBXBuildFile; fileRef = 8AC46B4C1D2921F1009AC048 /* Main.storyboard */; };
		8AC46B501D2921F1009AC048 /* Assets.xcassets in Resources */ = {isa = PBXBuildFile; fileRef = 8AC46B4F1D2921F1009AC048 /* Assets.xcassets */; };
		8AC46B531D2921F1009AC048 /* LaunchScreen.storyboard in Resources */ = {isa = PBXBuildFile; fileRef = 8AC46B511D2921F1009AC048 /* LaunchScreen.storyboard */; };
		8AC46B5B1D293826009AC048 /* UIViewStyleExtensions.swift in Sources */ = {isa = PBXBuildFile; fileRef = 8AC46B5A1D293826009AC048 /* UIViewStyleExtensions.swift */; };
		8AC46B5D1D293A3A009AC048 /* label.style in Resources */ = {isa = PBXBuildFile; fileRef = 8AC46B5C1D293A3A009AC048 /* label.style */; };
		8AF43A741D2AFA3600ECD83B /* other.style in Resources */ = {isa = PBXBuildFile; fileRef = 8AF43A731D2AFA3600ECD83B /* other.style */; };
/* End PBXBuildFile section */

/* Begin PBXContainerItemProxy section */
		3AD564481D31155500350C35 /* PBXContainerItemProxy */ = {
			isa = PBXContainerItemProxy;
			containerPortal = 8AC46B3B1D2921F1009AC048 /* Project object */;
			proxyType = 1;
			remoteGlobalIDString = 8AC46B421D2921F1009AC048;
			remoteInfo = SwiftySheetsDemo;
		};
/* End PBXContainerItemProxy section */

/* Begin PBXFileReference section */
		3AD564211D2FB64000350C35 /* SwiftySheets.tab.h */ = {isa = PBXFileReference; fileEncoding = 4; lastKnownFileType = sourcecode.c.h; path = SwiftySheets.tab.h; sourceTree = "<group>"; };
		3AD564221D2FB6C000350C35 /* SwiftySheetsDemo-Bridging-Header.h */ = {isa = PBXFileReference; lastKnownFileType = sourcecode.c.h; path = "SwiftySheetsDemo-Bridging-Header.h"; sourceTree = "<group>"; };
		3AD564231D2FB6C000350C35 /* Parser.h */ = {isa = PBXFileReference; fileEncoding = 4; lastKnownFileType = sourcecode.c.h; path = Parser.h; sourceTree = "<group>"; };
		3AD564241D2FB6C000350C35 /* Parser.m */ = {isa = PBXFileReference; fileEncoding = 4; lastKnownFileType = sourcecode.c.objc; path = Parser.m; sourceTree = "<group>"; };
		3AD5642C1D30E72800350C35 /* AST.h */ = {isa = PBXFileReference; fileEncoding = 4; lastKnownFileType = sourcecode.c.h; path = AST.h; sourceTree = "<group>"; };
		3AD5643D1D31153600350C35 /* ParserTests.swift */ = {isa = PBXFileReference; fileEncoding = 4; lastKnownFileType = sourcecode.swift; path = ParserTests.swift; sourceTree = "<group>"; };
		3AD564431D31155500350C35 /* SwiftySheetsDemoTests.xctest */ = {isa = PBXFileReference; explicitFileType = wrapper.cfbundle; includeInIndex = 0; path = SwiftySheetsDemoTests.xctest; sourceTree = BUILT_PRODUCTS_DIR; };
		3AD564451D31155500350C35 /* SwiftySheetsDemoTests.swift */ = {isa = PBXFileReference; lastKnownFileType = sourcecode.swift; path = SwiftySheetsDemoTests.swift; sourceTree = "<group>"; };
		3AD564471D31155500350C35 /* Info.plist */ = {isa = PBXFileReference; lastKnownFileType = text.plist.xml; path = Info.plist; sourceTree = "<group>"; };
		3AD564691D3363BE00350C35 /* test.style */ = {isa = PBXFileReference; fileEncoding = 4; lastKnownFileType = text; path = test.style; sourceTree = "<group>"; };
		3AD5646C1D3363D600350C35 /* test_included.style */ = {isa = PBXFileReference; fileEncoding = 4; lastKnownFileType = text; path = test_included.style; sourceTree = "<group>"; };
		88AB9C141D495E8C007C6152 /* SwiftyParser.swift */ = {isa = PBXFileReference; fileEncoding = 4; lastKnownFileType = sourcecode.swift; path = SwiftyParser.swift; sourceTree = "<group>"; };
		88AB9C151D495E8C007C6152 /* SwiftySheets.lm */ = {isa = PBXFileReference; fileEncoding = 4; lastKnownFileType = sourcecode.lex; path = SwiftySheets.lm; sourceTree = "<group>"; };
		88AB9C161D495E8C007C6152 /* SwiftySheets.ym */ = {isa = PBXFileReference; fileEncoding = 4; lastKnownFileType = sourcecode.yacc; path = SwiftySheets.ym; sourceTree = "<group>"; };
		88AB9C1A1D495EAA007C6152 /* ASTColorExpression.swift */ = {isa = PBXFileReference; fileEncoding = 4; lastKnownFileType = sourcecode.swift; path = ASTColorExpression.swift; sourceTree = "<group>"; };
		88AB9C1B1D495EAA007C6152 /* ASTContext.swift */ = {isa = PBXFileReference; fileEncoding = 4; lastKnownFileType = sourcecode.swift; path = ASTContext.swift; sourceTree = "<group>"; };
		88AB9C1C1D495EAA007C6152 /* ASTExpression.swift */ = {isa = PBXFileReference; fileEncoding = 4; lastKnownFileType = sourcecode.swift; path = ASTExpression.swift; sourceTree = "<group>"; };
		88AB9C1D1D495EAA007C6152 /* ASTNumericLiteral.swift */ = {isa = PBXFileReference; fileEncoding = 4; lastKnownFileType = sourcecode.swift; path = ASTNumericLiteral.swift; sourceTree = "<group>"; };
		88AB9C1E1D495EAA007C6152 /* ASTOperations.swift */ = {isa = PBXFileReference; fileEncoding = 4; lastKnownFileType = sourcecode.swift; path = ASTOperations.swift; sourceTree = "<group>"; };
		88AB9C1F1D495EAA007C6152 /* ASTPropertyDefinition.swift */ = {isa = PBXFileReference; fileEncoding = 4; lastKnownFileType = sourcecode.swift; path = ASTPropertyDefinition.swift; sourceTree = "<group>"; };
		88AB9C201D495EAA007C6152 /* ASTStringLiteral.swift */ = {isa = PBXFileReference; fileEncoding = 4; lastKnownFileType = sourcecode.swift; path = ASTStringLiteral.swift; sourceTree = "<group>"; };
		88AB9C211D495EAA007C6152 /* ASTStyleDefinition.swift */ = {isa = PBXFileReference; fileEncoding = 4; lastKnownFileType = sourcecode.swift; path = ASTStyleDefinition.swift; sourceTree = "<group>"; };
		88AB9C221D495EAA007C6152 /* ASTVariable.swift */ = {isa = PBXFileReference; fileEncoding = 4; lastKnownFileType = sourcecode.swift; path = ASTVariable.swift; sourceTree = "<group>"; };
		8A4DCA511D46C19C00FF723F /* StyleProcessor.swift */ = {isa = PBXFileReference; fileEncoding = 4; lastKnownFileType = sourcecode.swift; name = StyleProcessor.swift; path = SwiftySheetsDemo/StyleProcessor.swift; sourceTree = SOURCE_ROOT; };
		8A4DCA531D46C56A00FF723F /* StyleProperties.swift */ = {isa = PBXFileReference; fileEncoding = 4; lastKnownFileType = sourcecode.swift; path = StyleProperties.swift; sourceTree = "<group>"; };
		8AC46B431D2921F1009AC048 /* SwiftySheetsDemo.app */ = {isa = PBXFileReference; explicitFileType = wrapper.application; includeInIndex = 0; path = SwiftySheetsDemo.app; sourceTree = BUILT_PRODUCTS_DIR; };
		8AC46B461D2921F1009AC048 /* AppDelegate.swift */ = {isa = PBXFileReference; lastKnownFileType = sourcecode.swift; path = AppDelegate.swift; sourceTree = "<group>"; };
		8AC46B481D2921F1009AC048 /* MasterViewController.swift */ = {isa = PBXFileReference; lastKnownFileType = sourcecode.swift; path = MasterViewController.swift; sourceTree = "<group>"; };
		8AC46B4A1D2921F1009AC048 /* DetailViewController.swift */ = {isa = PBXFileReference; lastKnownFileType = sourcecode.swift; path = DetailViewController.swift; sourceTree = "<group>"; };
		8AC46B4D1D2921F1009AC048 /* Base */ = {isa = PBXFileReference; lastKnownFileType = file.storyboard; name = Base; path = Base.lproj/Main.storyboard; sourceTree = "<group>"; };
		8AC46B4F1D2921F1009AC048 /* Assets.xcassets */ = {isa = PBXFileReference; lastKnownFileType = folder.assetcatalog; path = Assets.xcassets; sourceTree = "<group>"; };
		8AC46B521D2921F1009AC048 /* Base */ = {isa = PBXFileReference; lastKnownFileType = file.storyboard; name = Base; path = Base.lproj/LaunchScreen.storyboard; sourceTree = "<group>"; };
		8AC46B541D2921F1009AC048 /* Info.plist */ = {isa = PBXFileReference; lastKnownFileType = text.plist.xml; path = Info.plist; sourceTree = "<group>"; };
		8AC46B5A1D293826009AC048 /* UIViewStyleExtensions.swift */ = {isa = PBXFileReference; fileEncoding = 4; lastKnownFileType = sourcecode.swift; path = UIViewStyleExtensions.swift; sourceTree = "<group>"; };
		8AC46B5C1D293A3A009AC048 /* label.style */ = {isa = PBXFileReference; fileEncoding = 4; lastKnownFileType = text; path = label.style; sourceTree = "<group>"; };
		8AF43A731D2AFA3600ECD83B /* other.style */ = {isa = PBXFileReference; fileEncoding = 4; lastKnownFileType = text; path = other.style; sourceTree = "<group>"; };
/* End PBXFileReference section */

/* Begin PBXFrameworksBuildPhase section */
		3AD564401D31155500350C35 /* Frameworks */ = {
			isa = PBXFrameworksBuildPhase;
			buildActionMask = 2147483647;
			files = (
			);
			runOnlyForDeploymentPostprocessing = 0;
		};
		8AC46B401D2921F1009AC048 /* Frameworks */ = {
			isa = PBXFrameworksBuildPhase;
			buildActionMask = 2147483647;
			files = (
			);
			runOnlyForDeploymentPostprocessing = 0;
		};
/* End PBXFrameworksBuildPhase section */

/* Begin PBXGroup section */
		3AD4340E1D2F9B23008C4ED5 /* Parser */ = {
			isa = PBXGroup;
			children = (
				3AD5643C1D3114FB00350C35 /* Tests */,
				3AD5642B1D30E70C00350C35 /* AST */,
				3AD564211D2FB64000350C35 /* SwiftySheets.tab.h */,
				88AB9C151D495E8C007C6152 /* SwiftySheets.lm */,
				88AB9C161D495E8C007C6152 /* SwiftySheets.ym */,
				3AD564231D2FB6C000350C35 /* Parser.h */,
				3AD564241D2FB6C000350C35 /* Parser.m */,
				88AB9C141D495E8C007C6152 /* SwiftyParser.swift */,
				3AD564221D2FB6C000350C35 /* SwiftySheetsDemo-Bridging-Header.h */,
			);
			path = Parser;
			sourceTree = "<group>";
		};
		3AD5642B1D30E70C00350C35 /* AST */ = {
			isa = PBXGroup;
			children = (
				3AD5642C1D30E72800350C35 /* AST.h */,
				88AB9C1A1D495EAA007C6152 /* ASTColorExpression.swift */,
				88AB9C1B1D495EAA007C6152 /* ASTContext.swift */,
				88AB9C1C1D495EAA007C6152 /* ASTExpression.swift */,
				88AB9C1D1D495EAA007C6152 /* ASTNumericLiteral.swift */,
				88AB9C1E1D495EAA007C6152 /* ASTOperations.swift */,
				88AB9C1F1D495EAA007C6152 /* ASTPropertyDefinition.swift */,
				88AB9C201D495EAA007C6152 /* ASTStringLiteral.swift */,
				88AB9C211D495EAA007C6152 /* ASTStyleDefinition.swift */,
				88AB9C221D495EAA007C6152 /* ASTVariable.swift */,
			);
			path = AST;
			sourceTree = "<group>";
		};
		3AD5643C1D3114FB00350C35 /* Tests */ = {
			isa = PBXGroup;
			children = (
				3AD5643D1D31153600350C35 /* ParserTests.swift */,
				3AD564691D3363BE00350C35 /* test.style */,
				3AD5646C1D3363D600350C35 /* test_included.style */,
			);
			path = Tests;
			sourceTree = "<group>";
		};
		3AD564441D31155500350C35 /* SwiftySheetsDemoTests */ = {
			isa = PBXGroup;
			children = (
				3AD564451D31155500350C35 /* SwiftySheetsDemoTests.swift */,
				3AD564471D31155500350C35 /* Info.plist */,
			);
			path = SwiftySheetsDemoTests;
			sourceTree = "<group>";
		};
		8AC46B3A1D2921F1009AC048 = {
			isa = PBXGroup;
			children = (
				8AC46B451D2921F1009AC048 /* SwiftySheetsDemo */,
				3AD564441D31155500350C35 /* SwiftySheetsDemoTests */,
				8AC46B441D2921F1009AC048 /* Products */,
			);
			sourceTree = "<group>";
		};
		8AC46B441D2921F1009AC048 /* Products */ = {
			isa = PBXGroup;
			children = (
				8AC46B431D2921F1009AC048 /* SwiftySheetsDemo.app */,
				3AD564431D31155500350C35 /* SwiftySheetsDemoTests.xctest */,
			);
			name = Products;
			sourceTree = "<group>";
		};
		8AC46B451D2921F1009AC048 /* SwiftySheetsDemo */ = {
			isa = PBXGroup;
			children = (
				3AD4340E1D2F9B23008C4ED5 /* Parser */,
				8AC46B5A1D293826009AC048 /* UIViewStyleExtensions.swift */,
				8A4DCA511D46C19C00FF723F /* StyleProcessor.swift */,
				8A4DCA531D46C56A00FF723F /* StyleProperties.swift */,
				8AC46B461D2921F1009AC048 /* AppDelegate.swift */,
				8AC46B481D2921F1009AC048 /* MasterViewController.swift */,
				8AC46B4A1D2921F1009AC048 /* DetailViewController.swift */,
				8AC46B5C1D293A3A009AC048 /* label.style */,
				8AF43A731D2AFA3600ECD83B /* other.style */,
				8AC46B4C1D2921F1009AC048 /* Main.storyboard */,
				8AC46B4F1D2921F1009AC048 /* Assets.xcassets */,
				8AC46B511D2921F1009AC048 /* LaunchScreen.storyboard */,
				8AC46B541D2921F1009AC048 /* Info.plist */,
			);
			path = SwiftySheetsDemo;
			sourceTree = "<group>";
		};
/* End PBXGroup section */

/* Begin PBXNativeTarget section */
		3AD564421D31155500350C35 /* SwiftySheetsDemoTests */ = {
			isa = PBXNativeTarget;
			buildConfigurationList = 3AD5644A1D31155500350C35 /* Build configuration list for PBXNativeTarget "SwiftySheetsDemoTests" */;
			buildPhases = (
				3AD5643F1D31155500350C35 /* Sources */,
				3AD564401D31155500350C35 /* Frameworks */,
				3AD564411D31155500350C35 /* Resources */,
			);
			buildRules = (
			);
			dependencies = (
				3AD564491D31155500350C35 /* PBXTargetDependency */,
			);
			name = SwiftySheetsDemoTests;
			productName = SwiftySheetsDemoTests;
			productReference = 3AD564431D31155500350C35 /* SwiftySheetsDemoTests.xctest */;
			productType = "com.apple.product-type.bundle.unit-test";
		};
		8AC46B421D2921F1009AC048 /* SwiftySheetsDemo */ = {
			isa = PBXNativeTarget;
			buildConfigurationList = 8AC46B571D2921F1009AC048 /* Build configuration list for PBXNativeTarget "SwiftySheetsDemo" */;
			buildPhases = (
				8AC46B3F1D2921F1009AC048 /* Sources */,
				8AC46B401D2921F1009AC048 /* Frameworks */,
				8AC46B411D2921F1009AC048 /* Resources */,
			);
			buildRules = (
			);
			dependencies = (
			);
			name = SwiftySheetsDemo;
			productName = SwiftySheetsDemo;
			productReference = 8AC46B431D2921F1009AC048 /* SwiftySheetsDemo.app */;
			productType = "com.apple.product-type.application";
		};
/* End PBXNativeTarget section */

/* Begin PBXProject section */
		8AC46B3B1D2921F1009AC048 /* Project object */ = {
			isa = PBXProject;
			attributes = {
				LastSwiftUpdateCheck = 0730;
				LastUpgradeCheck = 0730;
				ORGANIZATIONNAME = "Agnes Vasarhelyi";
				TargetAttributes = {
					3AD564421D31155500350C35 = {
						CreatedOnToolsVersion = 7.3;
						TestTargetID = 8AC46B421D2921F1009AC048;
					};
					8AC46B421D2921F1009AC048 = {
						CreatedOnToolsVersion = 7.3.1;
					};
				};
			};
			buildConfigurationList = 8AC46B3E1D2921F1009AC048 /* Build configuration list for PBXProject "SwiftySheetsDemo" */;
			compatibilityVersion = "Xcode 3.2";
			developmentRegion = English;
			hasScannedForEncodings = 0;
			knownRegions = (
				en,
				Base,
			);
			mainGroup = 8AC46B3A1D2921F1009AC048;
			productRefGroup = 8AC46B441D2921F1009AC048 /* Products */;
			projectDirPath = "";
			projectRoot = "";
			targets = (
				8AC46B421D2921F1009AC048 /* SwiftySheetsDemo */,
				3AD564421D31155500350C35 /* SwiftySheetsDemoTests */,
			);
		};
/* End PBXProject section */

/* Begin PBXResourcesBuildPhase section */
		3AD564411D31155500350C35 /* Resources */ = {
			isa = PBXResourcesBuildPhase;
			buildActionMask = 2147483647;
			files = (
				3AD564731D337A4900350C35 /* test.style in Resources */,
				3AD564741D337A4C00350C35 /* test_included.style in Resources */,
			);
			runOnlyForDeploymentPostprocessing = 0;
		};
		8AC46B411D2921F1009AC048 /* Resources */ = {
			isa = PBXResourcesBuildPhase;
			buildActionMask = 2147483647;
			files = (
				8AC46B531D2921F1009AC048 /* LaunchScreen.storyboard in Resources */,
				8AF43A741D2AFA3600ECD83B /* other.style in Resources */,
				8AC46B501D2921F1009AC048 /* Assets.xcassets in Resources */,
				3AD5646E1D33658F00350C35 /* test.style in Resources */,
				8AC46B5D1D293A3A009AC048 /* label.style in Resources */,
				3AD5646F1D33659200350C35 /* test_included.style in Resources */,
				8AC46B4E1D2921F1009AC048 /* Main.storyboard in Resources */,
			);
			runOnlyForDeploymentPostprocessing = 0;
		};
/* End PBXResourcesBuildPhase section */

/* Begin PBXSourcesBuildPhase section */
		3AD5643F1D31155500350C35 /* Sources */ = {
			isa = PBXSourcesBuildPhase;
			buildActionMask = 2147483647;
			files = (
				3AD5644D1D31155E00350C35 /* ParserTests.swift in Sources */,
				3AD564461D31155500350C35 /* SwiftySheetsDemoTests.swift in Sources */,
			);
			runOnlyForDeploymentPostprocessing = 0;
		};
		8AC46B3F1D2921F1009AC048 /* Sources */ = {
			isa = PBXSourcesBuildPhase;
			buildActionMask = 2147483647;
			files = (
				88AB9C231D495EAA007C6152 /* ASTColorExpression.swift in Sources */,
				88AB9C271D495EAA007C6152 /* ASTOperations.swift in Sources */,
				8AC46B4B1D2921F1009AC048 /* DetailViewController.swift in Sources */,
				88AB9C291D495EAA007C6152 /* ASTStringLiteral.swift in Sources */,
				88AB9C2B1D495EAA007C6152 /* ASTVariable.swift in Sources */,
				88AB9C191D495E8C007C6152 /* SwiftySheets.ym in Sources */,
				88AB9C2A1D495EAA007C6152 /* ASTStyleDefinition.swift in Sources */,
				8AC46B491D2921F1009AC048 /* MasterViewController.swift in Sources */,
				88AB9C261D495EAA007C6152 /* ASTNumericLiteral.swift in Sources */,
				88AB9C181D495E8C007C6152 /* SwiftySheets.lm in Sources */,
				8AC46B471D2921F1009AC048 /* AppDelegate.swift in Sources */,
				3AD564251D2FB6C000350C35 /* Parser.m in Sources */,
				88AB9C171D495E8C007C6152 /* SwiftyParser.swift in Sources */,
				88AB9C241D495EAA007C6152 /* ASTContext.swift in Sources */,
				8AC46B5B1D293826009AC048 /* UIViewStyleExtensions.swift in Sources */,
				88AB9C281D495EAA007C6152 /* ASTPropertyDefinition.swift in Sources */,
				8A4DCA541D46C56A00FF723F /* StyleProperties.swift in Sources */,
				8A4DCA521D46C19C00FF723F /* StyleProcessor.swift in Sources */,
				88AB9C251D495EAA007C6152 /* ASTExpression.swift in Sources */,
			);
			runOnlyForDeploymentPostprocessing = 0;
		};
/* End PBXSourcesBuildPhase section */

/* Begin PBXTargetDependency section */
		3AD564491D31155500350C35 /* PBXTargetDependency */ = {
			isa = PBXTargetDependency;
			target = 8AC46B421D2921F1009AC048 /* SwiftySheetsDemo */;
			targetProxy = 3AD564481D31155500350C35 /* PBXContainerItemProxy */;
		};
/* End PBXTargetDependency section */

/* Begin PBXVariantGroup section */
		8AC46B4C1D2921F1009AC048 /* Main.storyboard */ = {
			isa = PBXVariantGroup;
			children = (
				8AC46B4D1D2921F1009AC048 /* Base */,
			);
			name = Main.storyboard;
			sourceTree = "<group>";
		};
		8AC46B511D2921F1009AC048 /* LaunchScreen.storyboard */ = {
			isa = PBXVariantGroup;
			children = (
				8AC46B521D2921F1009AC048 /* Base */,
			);
			name = LaunchScreen.storyboard;
			sourceTree = "<group>";
		};
/* End PBXVariantGroup section */

/* Begin XCBuildConfiguration section */
		3AD5644B1D31155500350C35 /* Debug */ = {
			isa = XCBuildConfiguration;
			buildSettings = {
				BUNDLE_LOADER = "$(TEST_HOST)";
				INFOPLIST_FILE = SwiftySheetsDemoTests/Info.plist;
				LD_RUNPATH_SEARCH_PATHS = "$(inherited) @executable_path/Frameworks @loader_path/Frameworks";
				PRODUCT_BUNDLE_IDENTIFIER = tv.ustream.com.SwiftySheetsDemoTests;
				PRODUCT_NAME = "$(TARGET_NAME)";
				SWIFT_OBJC_BRIDGING_HEADER = "SwiftySheetsDemo/Parser/SwiftySheetsDemo-Bridging-Header.h";
				TEST_HOST = "$(BUILT_PRODUCTS_DIR)/SwiftySheetsDemo.app/SwiftySheetsDemo";
			};
			name = Debug;
		};
		3AD5644C1D31155500350C35 /* Release */ = {
			isa = XCBuildConfiguration;
			buildSettings = {
				BUNDLE_LOADER = "$(TEST_HOST)";
				INFOPLIST_FILE = SwiftySheetsDemoTests/Info.plist;
				LD_RUNPATH_SEARCH_PATHS = "$(inherited) @executable_path/Frameworks @loader_path/Frameworks";
				PRODUCT_BUNDLE_IDENTIFIER = tv.ustream.com.SwiftySheetsDemoTests;
				PRODUCT_NAME = "$(TARGET_NAME)";
				SWIFT_OBJC_BRIDGING_HEADER = "SwiftySheetsDemo/Parser/SwiftySheetsDemo-Bridging-Header.h";
				TEST_HOST = "$(BUILT_PRODUCTS_DIR)/SwiftySheetsDemo.app/SwiftySheetsDemo";
			};
			name = Release;
		};
		8AC46B551D2921F1009AC048 /* Debug */ = {
			isa = XCBuildConfiguration;
			buildSettings = {
				ALWAYS_SEARCH_USER_PATHS = NO;
				CLANG_ANALYZER_NONNULL = YES;
				CLANG_CXX_LANGUAGE_STANDARD = "gnu++0x";
				CLANG_CXX_LIBRARY = "libc++";
				CLANG_ENABLE_MODULES = YES;
				CLANG_ENABLE_OBJC_ARC = YES;
				CLANG_WARN_BOOL_CONVERSION = YES;
				CLANG_WARN_CONSTANT_CONVERSION = YES;
				CLANG_WARN_DIRECT_OBJC_ISA_USAGE = YES_ERROR;
				CLANG_WARN_EMPTY_BODY = YES;
				CLANG_WARN_ENUM_CONVERSION = YES;
				CLANG_WARN_INT_CONVERSION = YES;
				CLANG_WARN_OBJC_ROOT_CLASS = YES_ERROR;
				CLANG_WARN_UNREACHABLE_CODE = YES;
				CLANG_WARN__DUPLICATE_METHOD_MATCH = YES;
				"CODE_SIGN_IDENTITY[sdk=iphoneos*]" = "iPhone Developer";
				COPY_PHASE_STRIP = NO;
				DEBUG_INFORMATION_FORMAT = dwarf;
				ENABLE_STRICT_OBJC_MSGSEND = YES;
				ENABLE_TESTABILITY = YES;
				GCC_C_LANGUAGE_STANDARD = gnu99;
				GCC_DYNAMIC_NO_PIC = NO;
				GCC_NO_COMMON_BLOCKS = YES;
				GCC_OPTIMIZATION_LEVEL = 0;
				GCC_PREPROCESSOR_DEFINITIONS = (
					"DEBUG=1",
					"$(inherited)",
				);
				GCC_WARN_64_TO_32_BIT_CONVERSION = YES;
				GCC_WARN_ABOUT_RETURN_TYPE = YES_ERROR;
				GCC_WARN_UNDECLARED_SELECTOR = YES;
				GCC_WARN_UNINITIALIZED_AUTOS = YES_AGGRESSIVE;
				GCC_WARN_UNUSED_FUNCTION = YES;
				GCC_WARN_UNUSED_VARIABLE = YES;
				IPHONEOS_DEPLOYMENT_TARGET = 9.3;
				MTL_ENABLE_DEBUG_INFO = YES;
				ONLY_ACTIVE_ARCH = YES;
				SDKROOT = iphoneos;
				SWIFT_OPTIMIZATION_LEVEL = "-Onone";
			};
			name = Debug;
		};
		8AC46B561D2921F1009AC048 /* Release */ = {
			isa = XCBuildConfiguration;
			buildSettings = {
				ALWAYS_SEARCH_USER_PATHS = NO;
				CLANG_ANALYZER_NONNULL = YES;
				CLANG_CXX_LANGUAGE_STANDARD = "gnu++0x";
				CLANG_CXX_LIBRARY = "libc++";
				CLANG_ENABLE_MODULES = YES;
				CLANG_ENABLE_OBJC_ARC = YES;
				CLANG_WARN_BOOL_CONVERSION = YES;
				CLANG_WARN_CONSTANT_CONVERSION = YES;
				CLANG_WARN_DIRECT_OBJC_ISA_USAGE = YES_ERROR;
				CLANG_WARN_EMPTY_BODY = YES;
				CLANG_WARN_ENUM_CONVERSION = YES;
				CLANG_WARN_INT_CONVERSION = YES;
				CLANG_WARN_OBJC_ROOT_CLASS = YES_ERROR;
				CLANG_WARN_UNREACHABLE_CODE = YES;
				CLANG_WARN__DUPLICATE_METHOD_MATCH = YES;
				"CODE_SIGN_IDENTITY[sdk=iphoneos*]" = "iPhone Developer";
				COPY_PHASE_STRIP = NO;
				DEBUG_INFORMATION_FORMAT = "dwarf-with-dsym";
				ENABLE_NS_ASSERTIONS = NO;
				ENABLE_STRICT_OBJC_MSGSEND = YES;
				GCC_C_LANGUAGE_STANDARD = gnu99;
				GCC_NO_COMMON_BLOCKS = YES;
				GCC_WARN_64_TO_32_BIT_CONVERSION = YES;
				GCC_WARN_ABOUT_RETURN_TYPE = YES_ERROR;
				GCC_WARN_UNDECLARED_SELECTOR = YES;
				GCC_WARN_UNINITIALIZED_AUTOS = YES_AGGRESSIVE;
				GCC_WARN_UNUSED_FUNCTION = YES;
				GCC_WARN_UNUSED_VARIABLE = YES;
				IPHONEOS_DEPLOYMENT_TARGET = 9.3;
				MTL_ENABLE_DEBUG_INFO = NO;
				SDKROOT = iphoneos;
				VALIDATE_PRODUCT = YES;
			};
			name = Release;
		};
		8AC46B581D2921F1009AC048 /* Debug */ = {
			isa = XCBuildConfiguration;
			buildSettings = {
				ASSETCATALOG_COMPILER_APPICON_NAME = AppIcon;
				CLANG_ENABLE_MODULES = YES;
				DEFINES_MODULE = YES;
				INFOPLIST_FILE = SwiftySheetsDemo/Info.plist;
				IPHONEOS_DEPLOYMENT_TARGET = 9.0;
				LD_RUNPATH_SEARCH_PATHS = "$(inherited) @executable_path/Frameworks";
				PRODUCT_BUNDLE_IDENTIFIER = com.vasarhelyia.SwiftySheetsDemo;
				PRODUCT_NAME = "$(TARGET_NAME)";
				SWIFT_OBJC_BRIDGING_HEADER = "SwiftySheetsDemo/Parser/SwiftySheetsDemo-Bridging-Header.h";
				SWIFT_OPTIMIZATION_LEVEL = "-Onone";
			};
			name = Debug;
		};
		8AC46B591D2921F1009AC048 /* Release */ = {
			isa = XCBuildConfiguration;
			buildSettings = {
				ASSETCATALOG_COMPILER_APPICON_NAME = AppIcon;
				CLANG_ENABLE_MODULES = YES;
				DEFINES_MODULE = YES;
				INFOPLIST_FILE = SwiftySheetsDemo/Info.plist;
				IPHONEOS_DEPLOYMENT_TARGET = 9.0;
				LD_RUNPATH_SEARCH_PATHS = "$(inherited) @executable_path/Frameworks";
				PRODUCT_BUNDLE_IDENTIFIER = com.vasarhelyia.SwiftySheetsDemo;
				PRODUCT_NAME = "$(TARGET_NAME)";
				SWIFT_OBJC_BRIDGING_HEADER = "SwiftySheetsDemo/Parser/SwiftySheetsDemo-Bridging-Header.h";
			};
			name = Release;
		};
/* End XCBuildConfiguration section */

/* Begin XCConfigurationList section */
		3AD5644A1D31155500350C35 /* Build configuration list for PBXNativeTarget "SwiftySheetsDemoTests" */ = {
			isa = XCConfigurationList;
			buildConfigurations = (
				3AD5644B1D31155500350C35 /* Debug */,
				3AD5644C1D31155500350C35 /* Release */,
			);
			defaultConfigurationIsVisible = 0;
			defaultConfigurationName = Release;
		};
		8AC46B3E1D2921F1009AC048 /* Build configuration list for PBXProject "SwiftySheetsDemo" */ = {
			isa = XCConfigurationList;
			buildConfigurations = (
				8AC46B551D2921F1009AC048 /* Debug */,
				8AC46B561D2921F1009AC048 /* Release */,
			);
			defaultConfigurationIsVisible = 0;
			defaultConfigurationName = Release;
		};
		8AC46B571D2921F1009AC048 /* Build configuration list for PBXNativeTarget "SwiftySheetsDemo" */ = {
			isa = XCConfigurationList;
			buildConfigurations = (
				8AC46B581D2921F1009AC048 /* Debug */,
				8AC46B591D2921F1009AC048 /* Release */,
			);
			defaultConfigurationIsVisible = 0;
			defaultConfigurationName = Release;
		};
/* End XCConfigurationList section */
	};
	rootObject = 8AC46B3B1D2921F1009AC048 /* Project object */;
}
