// !$*UTF8*$!
{
	archiveVersion = 1;
	classes = {
	};
	objectVersion = 46;
	objects = {

/* Begin PBXBuildFile section */
		8AC46B471D2921F1009AC048 /* AppDelegate.swift in Sources */ = {isa = PBXBuildFile; fileRef = 8AC46B461D2921F1009AC048 /* AppDelegate.swift */; };
		8AC46B491D2921F1009AC048 /* MasterViewController.swift in Sources */ = {isa = PBXBuildFile; fileRef = 8AC46B481D2921F1009AC048 /* MasterViewController.swift */; };
		8AC46B4B1D2921F1009AC048 /* DetailViewController.swift in Sources */ = {isa = PBXBuildFile; fileRef = 8AC46B4A1D2921F1009AC048 /* DetailViewController.swift */; };
		8AC46B4E1D2921F1009AC048 /* Main.storyboard in Resources */ = {isa = PBXBuildFile; fileRef = 8AC46B4C1D2921F1009AC048 /* Main.storyboard */; };
		8AC46B501D2921F1009AC048 /* Assets.xcassets in Resources */ = {isa = PBXBuildFile; fileRef = 8AC46B4F1D2921F1009AC048 /* Assets.xcassets */; };
		8AC46B531D2921F1009AC048 /* LaunchScreen.storyboard in Resources */ = {isa = PBXBuildFile; fileRef = 8AC46B511D2921F1009AC048 /* LaunchScreen.storyboard */; };
/* End PBXBuildFile section */

/* Begin PBXFileReference section */
		8AC46B431D2921F1009AC048 /* SwiftySheetsDemo.app */ = {isa = PBXFileReference; explicitFileType = wrapper.application; includeInIndex = 0; path = SwiftySheetsDemo.app; sourceTree = BUILT_PRODUCTS_DIR; };
		8AC46B461D2921F1009AC048 /* AppDelegate.swift */ = {isa = PBXFileReference; lastKnownFileType = sourcecode.swift; path = AppDelegate.swift; sourceTree = "<group>"; };
		8AC46B481D2921F1009AC048 /* MasterViewController.swift */ = {isa = PBXFileReference; lastKnownFileType = sourcecode.swift; path = MasterViewController.swift; sourceTree = "<group>"; };
		8AC46B4A1D2921F1009AC048 /* DetailViewController.swift */ = {isa = PBXFileReference; lastKnownFileType = sourcecode.swift; path = DetailViewController.swift; sourceTree = "<group>"; };
		8AC46B4D1D2921F1009AC048 /* Base */ = {isa = PBXFileReference; lastKnownFileType = file.storyboard; name = Base; path = Base.lproj/Main.storyboard; sourceTree = "<group>"; };
		8AC46B4F1D2921F1009AC048 /* Assets.xcassets */ = {isa = PBXFileReference; lastKnownFileType = folder.assetcatalog; path = Assets.xcassets; sourceTree = "<group>"; };
		8AC46B521D2921F1009AC048 /* Base */ = {isa = PBXFileReference; lastKnownFileType = file.storyboard; name = Base; path = Base.lproj/LaunchScreen.storyboard; sourceTree = "<group>"; };
		8AC46B541D2921F1009AC048 /* Info.plist */ = {isa = PBXFileReference; lastKnownFileType = text.plist.xml; path = Info.plist; sourceTree = "<group>"; };
/* End PBXFileReference section */

/* Begin PBXFrameworksBuildPhase section */
		8AC46B401D2921F1009AC048 /* Frameworks */ = {
			isa = PBXFrameworksBuildPhase;
			buildActionMask = 2147483647;
			files = (
			);
			runOnlyForDeploymentPostprocessing = 0;
		};
/* End PBXFrameworksBuildPhase section */

/* Begin PBXGroup section */
		8AC46B3A1D2921F1009AC048 = {
			isa = PBXGroup;
			children = (
				8AC46B451D2921F1009AC048 /* SwiftySheetsDemo */,
				8AC46B441D2921F1009AC048 /* Products */,
			);
			sourceTree = "<group>";
		};
		8AC46B441D2921F1009AC048 /* Products */ = {
			isa = PBXGroup;
			children = (
				8AC46B431D2921F1009AC048 /* SwiftySheetsDemo.app */,
			);
			name = Products;
			sourceTree = "<group>";
		};
		8AC46B451D2921F1009AC048 /* SwiftySheetsDemo */ = {
			isa = PBXGroup;
			children = (
				8AC46B461D2921F1009AC048 /* AppDelegate.swift */,
				8AC46B481D2921F1009AC048 /* MasterViewController.swift */,
				8AC46B4A1D2921F1009AC048 /* DetailViewController.swift */,
				8AC46B4C1D2921F1009AC048 /* Main.storyboard */,
				8AC46B4F1D2921F1009AC048 /* Assets.xcassets */,
				8AC46B511D2921F1009AC048 /* LaunchScreen.storyboard */,
				8AC46B541D2921F1009AC048 /* Info.plist */,
			);
			path = SwiftySheetsDemo;
			sourceTree = "<group>";
		};
/* End PBXGroup section */

/* Begin PBXNativeTarget section */
		8AC46B421D2921F1009AC048 /* SwiftySheetsDemo */ = {
			isa = PBXNativeTarget;
			buildConfigurationList = 8AC46B571D2921F1009AC048 /* Build configuration list for PBXNativeTarget "SwiftySheetsDemo" */;
			buildPhases = (
				8AC46B3F1D2921F1009AC048 /* Sources */,
				8AC46B401D2921F1009AC048 /* Frameworks */,
				8AC46B411D2921F1009AC048 /* Resources */,
			);
			buildRules = (
			);
			dependencies = (
			);
			name = SwiftySheetsDemo;
			productName = SwiftySheetsDemo;
			productReference = 8AC46B431D2921F1009AC048 /* SwiftySheetsDemo.app */;
			productType = "com.apple.product-type.application";
		};
/* End PBXNativeTarget section */

/* Begin PBXProject section */
		8AC46B3B1D2921F1009AC048 /* Project object */ = {
			isa = PBXProject;
			attributes = {
				LastSwiftUpdateCheck = 0730;
				LastUpgradeCheck = 0730;
				ORGANIZATIONNAME = "Agnes Vasarhelyi";
				TargetAttributes = {
					8AC46B421D2921F1009AC048 = {
						CreatedOnToolsVersion = 7.3.1;
					};
				};
			};
			buildConfigurationList = 8AC46B3E1D2921F1009AC048 /* Build configuration list for PBXProject "SwiftySheetsDemo" */;
			compatibilityVersion = "Xcode 3.2";
			developmentRegion = English;
			hasScannedForEncodings = 0;
			knownRegions = (
				en,
				Base,
			);
			mainGroup = 8AC46B3A1D2921F1009AC048;
			productRefGroup = 8AC46B441D2921F1009AC048 /* Products */;
			projectDirPath = "";
			projectRoot = "";
			targets = (
				8AC46B421D2921F1009AC048 /* SwiftySheetsDemo */,
			);
		};
/* End PBXProject section */

/* Begin PBXResourcesBuildPhase section */
		8AC46B411D2921F1009AC048 /* Resources */ = {
			isa = PBXResourcesBuildPhase;
			buildActionMask = 2147483647;
			files = (
				8AC46B531D2921F1009AC048 /* LaunchScreen.storyboard in Resources */,
				8AC46B501D2921F1009AC048 /* Assets.xcassets in Resources */,
				8AC46B4E1D2921F1009AC048 /* Main.storyboard in Resources */,
			);
			runOnlyForDeploymentPostprocessing = 0;
		};
/* End PBXResourcesBuildPhase section */

/* Begin PBXSourcesBuildPhase section */
		8AC46B3F1D2921F1009AC048 /* Sources */ = {
			isa = PBXSourcesBuildPhase;
			buildActionMask = 2147483647;
			files = (
				8AC46B4B1D2921F1009AC048 /* DetailViewController.swift in Sources */,
				8AC46B491D2921F1009AC048 /* MasterViewController.swift in Sources */,
				8AC46B471D2921F1009AC048 /* AppDelegate.swift in Sources */,
			);
			runOnlyForDeploymentPostprocessing = 0;
		};
/* End PBXSourcesBuildPhase section */

/* Begin PBXVariantGroup section */
		8AC46B4C1D2921F1009AC048 /* Main.storyboard */ = {
			isa = PBXVariantGroup;
			children = (
				8AC46B4D1D2921F1009AC048 /* Base */,
			);
			name = Main.storyboard;
			sourceTree = "<group>";
		};
		8AC46B511D2921F1009AC048 /* LaunchScreen.storyboard */ = {
			isa = PBXVariantGroup;
			children = (
				8AC46B521D2921F1009AC048 /* Base */,
			);
			name = LaunchScreen.storyboard;
			sourceTree = "<group>";
		};
/* End PBXVariantGroup section */

/* Begin XCBuildConfiguration section */
		8AC46B551D2921F1009AC048 /* Debug */ = {
			isa = XCBuildConfiguration;
			buildSettings = {
				ALWAYS_SEARCH_USER_PATHS = NO;
				CLANG_ANALYZER_NONNULL = YES;
				CLANG_CXX_LANGUAGE_STANDARD = "gnu++0x";
				CLANG_CXX_LIBRARY = "libc++";
				CLANG_ENABLE_MODULES = YES;
				CLANG_ENABLE_OBJC_ARC = YES;
				CLANG_WARN_BOOL_CONVERSION = YES;
				CLANG_WARN_CONSTANT_CONVERSION = YES;
				CLANG_WARN_DIRECT_OBJC_ISA_USAGE = YES_ERROR;
				CLANG_WARN_EMPTY_BODY = YES;
				CLANG_WARN_ENUM_CONVERSION = YES;
				CLANG_WARN_INT_CONVERSION = YES;
				CLANG_WARN_OBJC_ROOT_CLASS = YES_ERROR;
				CLANG_WARN_UNREACHABLE_CODE = YES;
				CLANG_WARN__DUPLICATE_METHOD_MATCH = YES;
				"CODE_SIGN_IDENTITY[sdk=iphoneos*]" = "iPhone Developer";
				COPY_PHASE_STRIP = NO;
				DEBUG_INFORMATION_FORMAT = dwarf;
				ENABLE_STRICT_OBJC_MSGSEND = YES;
				ENABLE_TESTABILITY = YES;
				GCC_C_LANGUAGE_STANDARD = gnu99;
				GCC_DYNAMIC_NO_PIC = NO;
				GCC_NO_COMMON_BLOCKS = YES;
				GCC_OPTIMIZATION_LEVEL = 0;
				GCC_PREPROCESSOR_DEFINITIONS = (
					"DEBUG=1",
					"$(inherited)",
				);
				GCC_WARN_64_TO_32_BIT_CONVERSION = YES;
				GCC_WARN_ABOUT_RETURN_TYPE = YES_ERROR;
				GCC_WARN_UNDECLARED_SELECTOR = YES;
				GCC_WARN_UNINITIALIZED_AUTOS = YES_AGGRESSIVE;
				GCC_WARN_UNUSED_FUNCTION = YES;
				GCC_WARN_UNUSED_VARIABLE = YES;
				IPHONEOS_DEPLOYMENT_TARGET = 9.3;
				MTL_ENABLE_DEBUG_INFO = YES;
				ONLY_ACTIVE_ARCH = YES;
				SDKROOT = iphoneos;
				SWIFT_OPTIMIZATION_LEVEL = "-Onone";
			};
			name = Debug;
		};
		8AC46B561D2921F1009AC048 /* Release */ = {
			isa = XCBuildConfiguration;
			buildSettings = {
				ALWAYS_SEARCH_USER_PATHS = NO;
				CLANG_ANALYZER_NONNULL = YES;
				CLANG_CXX_LANGUAGE_STANDARD = "gnu++0x";
				CLANG_CXX_LIBRARY = "libc++";
				CLANG_ENABLE_MODULES = YES;
				CLANG_ENABLE_OBJC_ARC = YES;
				CLANG_WARN_BOOL_CONVERSION = YES;
				CLANG_WARN_CONSTANT_CONVERSION = YES;
				CLANG_WARN_DIRECT_OBJC_ISA_USAGE = YES_ERROR;
				CLANG_WARN_EMPTY_BODY = YES;
				CLANG_WARN_ENUM_CONVERSION = YES;
				CLANG_WARN_INT_CONVERSION = YES;
				CLANG_WARN_OBJC_ROOT_CLASS = YES_ERROR;
				CLANG_WARN_UNREACHABLE_CODE = YES;
				CLANG_WARN__DUPLICATE_METHOD_MATCH = YES;
				"CODE_SIGN_IDENTITY[sdk=iphoneos*]" = "iPhone Developer";
				COPY_PHASE_STRIP = NO;
				DEBUG_INFORMATION_FORMAT = "dwarf-with-dsym";
				ENABLE_NS_ASSERTIONS = NO;
				ENABLE_STRICT_OBJC_MSGSEND = YES;
				GCC_C_LANGUAGE_STANDARD = gnu99;
				GCC_NO_COMMON_BLOCKS = YES;
				GCC_WARN_64_TO_32_BIT_CONVERSION = YES;
				GCC_WARN_ABOUT_RETURN_TYPE = YES_ERROR;
				GCC_WARN_UNDECLARED_SELECTOR = YES;
				GCC_WARN_UNINITIALIZED_AUTOS = YES_AGGRESSIVE;
				GCC_WARN_UNUSED_FUNCTION = YES;
				GCC_WARN_UNUSED_VARIABLE = YES;
				IPHONEOS_DEPLOYMENT_TARGET = 9.3;
				MTL_ENABLE_DEBUG_INFO = NO;
				SDKROOT = iphoneos;
				VALIDATE_PRODUCT = YES;
			};
			name = Release;
		};
		8AC46B581D2921F1009AC048 /* Debug */ = {
			isa = XCBuildConfiguration;
			buildSettings = {
				ASSETCATALOG_COMPILER_APPICON_NAME = AppIcon;
				INFOPLIST_FILE = SwiftySheetsDemo/Info.plist;
				LD_RUNPATH_SEARCH_PATHS = "$(inherited) @executable_path/Frameworks";
				PRODUCT_BUNDLE_IDENTIFIER = com.vasarhelyia.SwiftySheetsDemo;
				PRODUCT_NAME = "$(TARGET_NAME)";
			};
			name = Debug;
		};
		8AC46B591D2921F1009AC048 /* Release */ = {
			isa = XCBuildConfiguration;
			buildSettings = {
				ASSETCATALOG_COMPILER_APPICON_NAME = AppIcon;
				INFOPLIST_FILE = SwiftySheetsDemo/Info.plist;
				LD_RUNPATH_SEARCH_PATHS = "$(inherited) @executable_path/Frameworks";
				PRODUCT_BUNDLE_IDENTIFIER = com.vasarhelyia.SwiftySheetsDemo;
				PRODUCT_NAME = "$(TARGET_NAME)";
			};
			name = Release;
		};
/* End XCBuildConfiguration section */

/* Begin XCConfigurationList section */
		8AC46B3E1D2921F1009AC048 /* Build configuration list for PBXProject "SwiftySheetsDemo" */ = {
			isa = XCConfigurationList;
			buildConfigurations = (
				8AC46B551D2921F1009AC048 /* Debug */,
				8AC46B561D2921F1009AC048 /* Release */,
			);
			defaultConfigurationIsVisible = 0;
			defaultConfigurationName = Release;
		};
		8AC46B571D2921F1009AC048 /* Build configuration list for PBXNativeTarget "SwiftySheetsDemo" */ = {
			isa = XCConfigurationList;
			buildConfigurations = (
				8AC46B581D2921F1009AC048 /* Debug */,
				8AC46B591D2921F1009AC048 /* Release */,
			);
			defaultConfigurationIsVisible = 0;
		};
/* End XCConfigurationList section */
	};
	rootObject = 8AC46B3B1D2921F1009AC048 /* Project object */;
}
